{
    "_meta": {
        "hash": {
            "sha256": "c8e7427d8cf8b725e22fb8271dbf1b258a5c1606459bdcad246d6469c50fb126"
        },
        "pipfile-spec": 6,
        "requires": {
            "python_version": "3.11"
        },
        "sources": [
            {
                "name": "pypi",
                "url": "https://pypi.org/simple",
                "verify_ssl": true
            }
        ]
    },
    "default": {
        "asgiref": {
            "hashes": [
                "sha256:89b2ef2247e3b562a16eef663bc0e2e703ec6468e2fa8a5cd61cd449786d4f6e",
                "sha256:9e0ce3aa93a819ba5b45120216b23878cf6e8525eb3848653452b4192b92afed"
            ],
            "markers": "python_version >= '3.7'",
            "version": "==3.7.2"
        },
        "certifi": {
            "hashes": [
                "sha256:0569859f95fc761b18b45ef421b1290a0f65f147e92a1e5eb3e635f9a5e4e66f",
                "sha256:dc383c07b76109f368f6106eee2b593b04a011ea4d55f652c6ca24a754d1cdd1"
            ],
            "markers": "python_version >= '3.6'",
            "version": "==2024.2.2"
        },
        "charset-normalizer": {
            "hashes": [
                "sha256:06435b539f889b1f6f4ac1758871aae42dc3a8c0e24ac9e60c2384973ad73027",
                "sha256:06a81e93cd441c56a9b65d8e1d043daeb97a3d0856d177d5c90ba85acb3db087",
                "sha256:0a55554a2fa0d408816b3b5cedf0045f4b8e1a6065aec45849de2d6f3f8e9786",
                "sha256:0b2b64d2bb6d3fb9112bafa732def486049e63de9618b5843bcdd081d8144cd8",
                "sha256:10955842570876604d404661fbccbc9c7e684caf432c09c715ec38fbae45ae09",
                "sha256:122c7fa62b130ed55f8f285bfd56d5f4b4a5b503609d181f9ad85e55c89f4185",
                "sha256:1ceae2f17a9c33cb48e3263960dc5fc8005351ee19db217e9b1bb15d28c02574",
                "sha256:1d3193f4a680c64b4b6a9115943538edb896edc190f0b222e73761716519268e",
                "sha256:1f79682fbe303db92bc2b1136016a38a42e835d932bab5b3b1bfcfbf0640e519",
                "sha256:2127566c664442652f024c837091890cb1942c30937add288223dc895793f898",
                "sha256:22afcb9f253dac0696b5a4be4a1c0f8762f8239e21b99680099abd9b2b1b2269",
                "sha256:25baf083bf6f6b341f4121c2f3c548875ee6f5339300e08be3f2b2ba1721cdd3",
                "sha256:2e81c7b9c8979ce92ed306c249d46894776a909505d8f5a4ba55b14206e3222f",
                "sha256:3287761bc4ee9e33561a7e058c72ac0938c4f57fe49a09eae428fd88aafe7bb6",
                "sha256:34d1c8da1e78d2e001f363791c98a272bb734000fcef47a491c1e3b0505657a8",
                "sha256:37e55c8e51c236f95b033f6fb391d7d7970ba5fe7ff453dad675e88cf303377a",
                "sha256:3d47fa203a7bd9c5b6cee4736ee84ca03b8ef23193c0d1ca99b5089f72645c73",
                "sha256:3e4d1f6587322d2788836a99c69062fbb091331ec940e02d12d179c1d53e25fc",
                "sha256:42cb296636fcc8b0644486d15c12376cb9fa75443e00fb25de0b8602e64c1714",
                "sha256:45485e01ff4d3630ec0d9617310448a8702f70e9c01906b0d0118bdf9d124cf2",
                "sha256:4a78b2b446bd7c934f5dcedc588903fb2f5eec172f3d29e52a9096a43722adfc",
                "sha256:4ab2fe47fae9e0f9dee8c04187ce5d09f48eabe611be8259444906793ab7cbce",
                "sha256:4d0d1650369165a14e14e1e47b372cfcb31d6ab44e6e33cb2d4e57265290044d",
                "sha256:549a3a73da901d5bc3ce8d24e0600d1fa85524c10287f6004fbab87672bf3e1e",
                "sha256:55086ee1064215781fff39a1af09518bc9255b50d6333f2e4c74ca09fac6a8f6",
                "sha256:572c3763a264ba47b3cf708a44ce965d98555f618ca42c926a9c1616d8f34269",
                "sha256:573f6eac48f4769d667c4442081b1794f52919e7edada77495aaed9236d13a96",
                "sha256:5b4c145409bef602a690e7cfad0a15a55c13320ff7a3ad7ca59c13bb8ba4d45d",
                "sha256:6463effa3186ea09411d50efc7d85360b38d5f09b870c48e4600f63af490e56a",
                "sha256:65f6f63034100ead094b8744b3b97965785388f308a64cf8d7c34f2f2e5be0c4",
                "sha256:663946639d296df6a2bb2aa51b60a2454ca1cb29835324c640dafb5ff2131a77",
                "sha256:6897af51655e3691ff853668779c7bad41579facacf5fd7253b0133308cf000d",
                "sha256:68d1f8a9e9e37c1223b656399be5d6b448dea850bed7d0f87a8311f1ff3dabb0",
                "sha256:6ac7ffc7ad6d040517be39eb591cac5ff87416c2537df6ba3cba3bae290c0fed",
                "sha256:6b3251890fff30ee142c44144871185dbe13b11bab478a88887a639655be1068",
                "sha256:6c4caeef8fa63d06bd437cd4bdcf3ffefe6738fb1b25951440d80dc7df8c03ac",
                "sha256:6ef1d82a3af9d3eecdba2321dc1b3c238245d890843e040e41e470ffa64c3e25",
                "sha256:753f10e867343b4511128c6ed8c82f7bec3bd026875576dfd88483c5c73b2fd8",
                "sha256:7cd13a2e3ddeed6913a65e66e94b51d80a041145a026c27e6bb76c31a853c6ab",
                "sha256:7ed9e526742851e8d5cc9e6cf41427dfc6068d4f5a3bb03659444b4cabf6bc26",
                "sha256:7f04c839ed0b6b98b1a7501a002144b76c18fb1c1850c8b98d458ac269e26ed2",
                "sha256:802fe99cca7457642125a8a88a084cef28ff0cf9407060f7b93dca5aa25480db",
                "sha256:80402cd6ee291dcb72644d6eac93785fe2c8b9cb30893c1af5b8fdd753b9d40f",
                "sha256:8465322196c8b4d7ab6d1e049e4c5cb460d0394da4a27d23cc242fbf0034b6b5",
                "sha256:86216b5cee4b06df986d214f664305142d9c76df9b6512be2738aa72a2048f99",
                "sha256:87d1351268731db79e0f8e745d92493ee2841c974128ef629dc518b937d9194c",
                "sha256:8bdb58ff7ba23002a4c5808d608e4e6c687175724f54a5dade5fa8c67b604e4d",
                "sha256:8c622a5fe39a48f78944a87d4fb8a53ee07344641b0562c540d840748571b811",
                "sha256:8d756e44e94489e49571086ef83b2bb8ce311e730092d2c34ca8f7d925cb20aa",
                "sha256:8f4a014bc36d3c57402e2977dada34f9c12300af536839dc38c0beab8878f38a",
                "sha256:9063e24fdb1e498ab71cb7419e24622516c4a04476b17a2dab57e8baa30d6e03",
                "sha256:90d558489962fd4918143277a773316e56c72da56ec7aa3dc3dbbe20fdfed15b",
                "sha256:923c0c831b7cfcb071580d3f46c4baf50f174be571576556269530f4bbd79d04",
                "sha256:95f2a5796329323b8f0512e09dbb7a1860c46a39da62ecb2324f116fa8fdc85c",
                "sha256:96b02a3dc4381e5494fad39be677abcb5e6634bf7b4fa83a6dd3112607547001",
                "sha256:9f96df6923e21816da7e0ad3fd47dd8f94b2a5ce594e00677c0013018b813458",
                "sha256:a10af20b82360ab00827f916a6058451b723b4e65030c5a18577c8b2de5b3389",
                "sha256:a50aebfa173e157099939b17f18600f72f84eed3049e743b68ad15bd69b6bf99",
                "sha256:a981a536974bbc7a512cf44ed14938cf01030a99e9b3a06dd59578882f06f985",
                "sha256:a9a8e9031d613fd2009c182b69c7b2c1ef8239a0efb1df3f7c8da66d5dd3d537",
                "sha256:ae5f4161f18c61806f411a13b0310bea87f987c7d2ecdbdaad0e94eb2e404238",
                "sha256:aed38f6e4fb3f5d6bf81bfa990a07806be9d83cf7bacef998ab1a9bd660a581f",
                "sha256:b01b88d45a6fcb69667cd6d2f7a9aeb4bf53760d7fc536bf679ec94fe9f3ff3d",
                "sha256:b261ccdec7821281dade748d088bb6e9b69e6d15b30652b74cbbac25e280b796",
                "sha256:b2b0a0c0517616b6869869f8c581d4eb2dd83a4d79e0ebcb7d373ef9956aeb0a",
                "sha256:b4a23f61ce87adf89be746c8a8974fe1c823c891d8f86eb218bb957c924bb143",
                "sha256:bd8f7df7d12c2db9fab40bdd87a7c09b1530128315d047a086fa3ae3435cb3a8",
                "sha256:beb58fe5cdb101e3a055192ac291b7a21e3b7ef4f67fa1d74e331a7f2124341c",
                "sha256:c002b4ffc0be611f0d9da932eb0f704fe2602a9a949d1f738e4c34c75b0863d5",
                "sha256:c083af607d2515612056a31f0a8d9e0fcb5876b7bfc0abad3ecd275bc4ebc2d5",
                "sha256:c180f51afb394e165eafe4ac2936a14bee3eb10debc9d9e4db8958fe36afe711",
                "sha256:c235ebd9baae02f1b77bcea61bce332cb4331dc3617d254df3323aa01ab47bd4",
                "sha256:cd70574b12bb8a4d2aaa0094515df2463cb429d8536cfb6c7ce983246983e5a6",
                "sha256:d0eccceffcb53201b5bfebb52600a5fb483a20b61da9dbc885f8b103cbe7598c",
                "sha256:d965bba47ddeec8cd560687584e88cf699fd28f192ceb452d1d7ee807c5597b7",
                "sha256:db364eca23f876da6f9e16c9da0df51aa4f104a972735574842618b8c6d999d4",
                "sha256:ddbb2551d7e0102e7252db79ba445cdab71b26640817ab1e3e3648dad515003b",
                "sha256:deb6be0ac38ece9ba87dea880e438f25ca3eddfac8b002a2ec3d9183a454e8ae",
                "sha256:e06ed3eb3218bc64786f7db41917d4e686cc4856944f53d5bdf83a6884432e12",
                "sha256:e27ad930a842b4c5eb8ac0016b0a54f5aebbe679340c26101df33424142c143c",
                "sha256:e537484df0d8f426ce2afb2d0f8e1c3d0b114b83f8850e5f2fbea0e797bd82ae",
                "sha256:eb00ed941194665c332bf8e078baf037d6c35d7c4f3102ea2d4f16ca94a26dc8",
                "sha256:eb6904c354526e758fda7167b33005998fb68c46fbc10e013ca97f21ca5c8887",
                "sha256:eb8821e09e916165e160797a6c17edda0679379a4be5c716c260e836e122f54b",
                "sha256:efcb3f6676480691518c177e3b465bcddf57cea040302f9f4e6e191af91174d4",
                "sha256:f27273b60488abe721a075bcca6d7f3964f9f6f067c8c4c605743023d7d3944f",
                "sha256:f30c3cb33b24454a82faecaf01b19c18562b1e89558fb6c56de4d9118a032fd5",
                "sha256:fb69256e180cb6c8a894fee62b3afebae785babc1ee98b81cdf68bbca1987f33",
                "sha256:fd1abc0d89e30cc4e02e4064dc67fcc51bd941eb395c502aac3ec19fab46b519",
                "sha256:ff8fa367d09b717b2a17a052544193ad76cd49979c805768879cb63d9ca50561"
            ],
            "markers": "python_full_version >= '3.7.0'",
            "version": "==3.3.2"
        },
        "coreapi": {
            "hashes": [
                "sha256:46145fcc1f7017c076a2ef684969b641d18a2991051fddec9458ad3f78ffc1cb",
                "sha256:bf39d118d6d3e171f10df9ede5666f63ad80bba9a29a8ec17726a66cf52ee6f3"
            ],
            "version": "==2.3.3"
        },
        "coreschema": {
            "hashes": [
                "sha256:5e6ef7bf38c1525d5e55a895934ab4273548629f16aed5c0a6caa74ebf45551f",
                "sha256:9503506007d482ab0867ba14724b93c18a33b22b6d19fb419ef2d239dd4a1607"
            ],
            "version": "==0.0.4"
        },
        "django": {
            "hashes": [
                "sha256:6f857bd4e574442ba35a7172f1397b303167dae964cf18e53db5e85fe248d000",
                "sha256:d98c9b6e5eed147bc51f47c014ff6826bd1ab50b166956776ee13db5a58804ae"
            ],
            "index": "pypi",
            "markers": "python_version >= '3.6'",
            "version": "==3.0"
        },
        "django-rest-swagger": {
            "hashes": [
                "sha256:48f6aded9937e90ae7cbe9e6c932b9744b8af80cc4e010088b3278c700e0685b",
                "sha256:b039b0288bab4665cd45dc5d16f94b13911bc4ad0ed55f74ad3b90aa31c87c17"
            ],
            "index": "pypi",
            "version": "==2.2.0"
        },
        "djangorestframework": {
            "hashes": [
                "sha256:5cc724dc4b076463497837269107e1995b1fbc917468d1b92d188fd1af9ea789",
                "sha256:a5967b68a04e0d97d10f4df228e30f5a2d82ba63b9d03e1759f84993b7bf1b53"
            ],
            "index": "pypi",
            "markers": "python_version >= '3.5'",
            "version": "==3.11.2"
        },
        "djongo": {
            "hashes": [
                "sha256:5a9afcbfa32439d8e254f435cd1e3dd0c34e1690fc3aa8a1138267605ea4e329"
            ],
            "index": "pypi",
            "markers": "python_version >= '3.6'",
            "version": "==1.3.3"
        },
        "idna": {
            "hashes": [
                "sha256:9ecdbbd083b06798ae1e86adcbfe8ab1479cf864e4ee30fe4e46a003d12491ca",
                "sha256:c05567e9c24a6b9faaa835c4821bad0590fbb9d5779e7caa6e1cc4978e7eb24f"
            ],
            "markers": "python_version >= '3.5'",
            "version": "==3.6"
        },
        "itypes": {
            "hashes": [
                "sha256:03da6872ca89d29aef62773672b2d408f490f80db48b23079a4b194c86dd04c6",
                "sha256:af886f129dea4a2a1e3d36595a2d139589e4dd287f5cab0b40e799ee81570ff1"
            ],
            "version": "==1.2.0"
        },
        "jinja2": {
            "hashes": [
                "sha256:7d6d50dd97d52cbc355597bd845fabfbac3f551e1f99619e39a35ce8c370b5fa",
                "sha256:ac8bd6544d4bb2c9792bf3a159e80bba8fda7f07e81bc3aed565432d5925ba90"
            ],
            "markers": "python_version >= '3.7'",
            "version": "==3.1.3"
        },
        "markupsafe": {
            "hashes": [
                "sha256:00e046b6dd71aa03a41079792f8473dc494d564611a8f89bbbd7cb93295ebdcf",
                "sha256:075202fa5b72c86ad32dc7d0b56024ebdbcf2048c0ba09f1cde31bfdd57bcfff",
                "sha256:0e397ac966fdf721b2c528cf028494e86172b4feba51d65f81ffd65c63798f3f",
                "sha256:17b950fccb810b3293638215058e432159d2b71005c74371d784862b7e4683f3",
                "sha256:1f3fbcb7ef1f16e48246f704ab79d79da8a46891e2da03f8783a5b6fa41a9532",
                "sha256:2174c595a0d73a3080ca3257b40096db99799265e1c27cc5a610743acd86d62f",
                "sha256:2b7c57a4dfc4f16f7142221afe5ba4e093e09e728ca65c51f5620c9aaeb9a617",
                "sha256:2d2d793e36e230fd32babe143b04cec8a8b3eb8a3122d2aceb4a371e6b09b8df",
                "sha256:30b600cf0a7ac9234b2638fbc0fb6158ba5bdcdf46aeb631ead21248b9affbc4",
                "sha256:397081c1a0bfb5124355710fe79478cdbeb39626492b15d399526ae53422b906",
                "sha256:3a57fdd7ce31c7ff06cdfbf31dafa96cc533c21e443d57f5b1ecc6cdc668ec7f",
                "sha256:3c6b973f22eb18a789b1460b4b91bf04ae3f0c4234a0a6aa6b0a92f6f7b951d4",
                "sha256:3e53af139f8579a6d5f7b76549125f0d94d7e630761a2111bc431fd820e163b8",
                "sha256:4096e9de5c6fdf43fb4f04c26fb114f61ef0bf2e5604b6ee3019d51b69e8c371",
                "sha256:4275d846e41ecefa46e2015117a9f491e57a71ddd59bbead77e904dc02b1bed2",
                "sha256:4c31f53cdae6ecfa91a77820e8b151dba54ab528ba65dfd235c80b086d68a465",
                "sha256:4f11aa001c540f62c6166c7726f71f7573b52c68c31f014c25cc7901deea0b52",
                "sha256:5049256f536511ee3f7e1b3f87d1d1209d327e818e6ae1365e8653d7e3abb6a6",
                "sha256:58c98fee265677f63a4385256a6d7683ab1832f3ddd1e66fe948d5880c21a169",
                "sha256:598e3276b64aff0e7b3451b72e94fa3c238d452e7ddcd893c3ab324717456bad",
                "sha256:5b7b716f97b52c5a14bffdf688f971b2d5ef4029127f1ad7a513973cfd818df2",
                "sha256:5dedb4db619ba5a2787a94d877bc8ffc0566f92a01c0ef214865e54ecc9ee5e0",
                "sha256:619bc166c4f2de5caa5a633b8b7326fbe98e0ccbfacabd87268a2b15ff73a029",
                "sha256:629ddd2ca402ae6dbedfceeba9c46d5f7b2a61d9749597d4307f943ef198fc1f",
                "sha256:656f7526c69fac7f600bd1f400991cc282b417d17539a1b228617081106feb4a",
                "sha256:6ec585f69cec0aa07d945b20805be741395e28ac1627333b1c5b0105962ffced",
                "sha256:72b6be590cc35924b02c78ef34b467da4ba07e4e0f0454a2c5907f473fc50ce5",
                "sha256:7502934a33b54030eaf1194c21c692a534196063db72176b0c4028e140f8f32c",
                "sha256:7a68b554d356a91cce1236aa7682dc01df0edba8d043fd1ce607c49dd3c1edcf",
                "sha256:7b2e5a267c855eea6b4283940daa6e88a285f5f2a67f2220203786dfa59b37e9",
                "sha256:823b65d8706e32ad2df51ed89496147a42a2a6e01c13cfb6ffb8b1e92bc910bb",
                "sha256:8590b4ae07a35970728874632fed7bd57b26b0102df2d2b233b6d9d82f6c62ad",
                "sha256:8dd717634f5a044f860435c1d8c16a270ddf0ef8588d4887037c5028b859b0c3",
                "sha256:8dec4936e9c3100156f8a2dc89c4b88d5c435175ff03413b443469c7c8c5f4d1",
                "sha256:97cafb1f3cbcd3fd2b6fbfb99ae11cdb14deea0736fc2b0952ee177f2b813a46",
                "sha256:a17a92de5231666cfbe003f0e4b9b3a7ae3afb1ec2845aadc2bacc93ff85febc",
                "sha256:a549b9c31bec33820e885335b451286e2969a2d9e24879f83fe904a5ce59d70a",
                "sha256:ac07bad82163452a6884fe8fa0963fb98c2346ba78d779ec06bd7a6262132aee",
                "sha256:ae2ad8ae6ebee9d2d94b17fb62763125f3f374c25618198f40cbb8b525411900",
                "sha256:b91c037585eba9095565a3556f611e3cbfaa42ca1e865f7b8015fe5c7336d5a5",
                "sha256:bc1667f8b83f48511b94671e0e441401371dfd0f0a795c7daa4a3cd1dde55bea",
                "sha256:bec0a414d016ac1a18862a519e54b2fd0fc8bbfd6890376898a6c0891dd82e9f",
                "sha256:bf50cd79a75d181c9181df03572cdce0fbb75cc353bc350712073108cba98de5",
                "sha256:bff1b4290a66b490a2f4719358c0cdcd9bafb6b8f061e45c7a2460866bf50c2e",
                "sha256:c061bb86a71b42465156a3ee7bd58c8c2ceacdbeb95d05a99893e08b8467359a",
                "sha256:c8b29db45f8fe46ad280a7294f5c3ec36dbac9491f2d1c17345be8e69cc5928f",
                "sha256:ce409136744f6521e39fd8e2a24c53fa18ad67aa5bc7c2cf83645cce5b5c4e50",
                "sha256:d050b3361367a06d752db6ead6e7edeb0009be66bc3bae0ee9d97fb326badc2a",
                "sha256:d283d37a890ba4c1ae73ffadf8046435c76e7bc2247bbb63c00bd1a709c6544b",
                "sha256:d9fad5155d72433c921b782e58892377c44bd6252b5af2f67f16b194987338a4",
                "sha256:daa4ee5a243f0f20d528d939d06670a298dd39b1ad5f8a72a4275124a7819eff",
                "sha256:db0b55e0f3cc0be60c1f19efdde9a637c32740486004f20d1cff53c3c0ece4d2",
                "sha256:e61659ba32cf2cf1481e575d0462554625196a1f2fc06a1c777d3f48e8865d46",
                "sha256:ea3d8a3d18833cf4304cd2fc9cbb1efe188ca9b5efef2bdac7adc20594a0e46b",
                "sha256:ec6a563cff360b50eed26f13adc43e61bc0c04d94b8be985e6fb24b81f6dcfdf",
                "sha256:f5dfb42c4604dddc8e4305050aa6deb084540643ed5804d7455b5df8fe16f5e5",
                "sha256:fa173ec60341d6bb97a89f5ea19c85c5643c1e7dedebc22f5181eb73573142c5",
                "sha256:fa9db3f79de01457b03d4f01b34cf91bc0048eb2c3846ff26f66687c2f6d16ab",
                "sha256:fce659a462a1be54d2ffcacea5e3ba2d74daa74f30f5f143fe0c58636e355fdd",
                "sha256:ffee1f21e5ef0d712f9033568f8344d5da8cc2869dbd08d87c84656e6a2d2f68"
            ],
            "markers": "python_version >= '3.7'",
            "version": "==2.1.5"
        },
        "openapi-codec": {
            "hashes": [
                "sha256:1bce63289edf53c601ea3683120641407ff6b708803b8954c8a876fe778d2145"
            ],
            "version": "==1.3.2"
        },
        "pillow": {
            "hashes": [
                "sha256:0304004f8067386b477d20a518b50f3fa658a28d44e4116970abfcd94fac34a8",
                "sha256:0689b5a8c5288bc0504d9fcee48f61a6a586b9b98514d7d29b840143d6734f39",
                "sha256:0eae2073305f451d8ecacb5474997c08569fb4eb4ac231ffa4ad7d342fdc25ac",
                "sha256:0fb3e7fc88a14eacd303e90481ad983fd5b69c761e9e6ef94c983f91025da869",
                "sha256:11fa2e5984b949b0dd6d7a94d967743d87c577ff0b83392f17cb3990d0d2fd6e",
                "sha256:127cee571038f252a552760076407f9cff79761c3d436a12af6000cd182a9d04",
                "sha256:154e939c5f0053a383de4fd3d3da48d9427a7e985f58af8e94d0b3c9fcfcf4f9",
                "sha256:15587643b9e5eb26c48e49a7b33659790d28f190fc514a322d55da2fb5c2950e",
                "sha256:170aeb00224ab3dc54230c797f8404507240dd868cf52066f66a41b33169bdbe",
                "sha256:1b5e1b74d1bd1b78bc3477528919414874748dd363e6272efd5abf7654e68bef",
                "sha256:1da3b2703afd040cf65ec97efea81cfba59cdbed9c11d8efc5ab09df9509fc56",
                "sha256:1e23412b5c41e58cec602f1135c57dfcf15482013ce6e5f093a86db69646a5aa",
                "sha256:2247178effb34a77c11c0e8ac355c7a741ceca0a732b27bf11e747bbc950722f",
                "sha256:257d8788df5ca62c980314053197f4d46eefedf4e6175bc9412f14412ec4ea2f",
                "sha256:3031709084b6e7852d00479fd1d310b07d0ba82765f973b543c8af5061cf990e",
                "sha256:322209c642aabdd6207517e9739c704dc9f9db943015535783239022002f054a",
                "sha256:322bdf3c9b556e9ffb18f93462e5f749d3444ce081290352c6070d014c93feb2",
                "sha256:33870dc4653c5017bf4c8873e5488d8f8d5f8935e2f1fb9a2208c47cdd66efd2",
                "sha256:35bb52c37f256f662abdfa49d2dfa6ce5d93281d323a9af377a120e89a9eafb5",
                "sha256:3c31822339516fb3c82d03f30e22b1d038da87ef27b6a78c9549888f8ceda39a",
                "sha256:3eedd52442c0a5ff4f887fab0c1c0bb164d8635b32c894bc1faf4c618dd89df2",
                "sha256:3ff074fc97dd4e80543a3e91f69d58889baf2002b6be64347ea8cf5533188213",
                "sha256:47c0995fc4e7f79b5cfcab1fc437ff2890b770440f7696a3ba065ee0fd496563",
                "sha256:49d9ba1ed0ef3e061088cd1e7538a0759aab559e2e0a80a36f9fd9d8c0c21591",
                "sha256:51f1a1bffc50e2e9492e87d8e09a17c5eea8409cda8d3f277eb6edc82813c17c",
                "sha256:52a50aa3fb3acb9cf7213573ef55d31d6eca37f5709c69e6858fe3bc04a5c2a2",
                "sha256:54f1852cd531aa981bc0965b7d609f5f6cc8ce8c41b1139f6ed6b3c54ab82bfb",
                "sha256:609448742444d9290fd687940ac0b57fb35e6fd92bdb65386e08e99af60bf757",
                "sha256:69ffdd6120a4737710a9eee73e1d2e37db89b620f702754b8f6e62594471dee0",
                "sha256:6fad5ff2f13d69b7e74ce5b4ecd12cc0ec530fcee76356cac6742785ff71c452",
                "sha256:7049e301399273a0136ff39b84c3678e314f2158f50f517bc50285fb5ec847ad",
                "sha256:70c61d4c475835a19b3a5aa42492409878bbca7438554a1f89d20d58a7c75c01",
                "sha256:716d30ed977be8b37d3ef185fecb9e5a1d62d110dfbdcd1e2a122ab46fddb03f",
                "sha256:753cd8f2086b2b80180d9b3010dd4ed147efc167c90d3bf593fe2af21265e5a5",
                "sha256:773efe0603db30c281521a7c0214cad7836c03b8ccff897beae9b47c0b657d61",
                "sha256:7823bdd049099efa16e4246bdf15e5a13dbb18a51b68fa06d6c1d4d8b99a796e",
                "sha256:7c8f97e8e7a9009bcacbe3766a36175056c12f9a44e6e6f2d5caad06dcfbf03b",
                "sha256:823ef7a27cf86df6597fa0671066c1b596f69eba53efa3d1e1cb8b30f3533068",
                "sha256:8373c6c251f7ef8bda6675dd6d2b3a0fcc31edf1201266b5cf608b62a37407f9",
                "sha256:83b2021f2ade7d1ed556bc50a399127d7fb245e725aa0113ebd05cfe88aaf588",
                "sha256:870ea1ada0899fd0b79643990809323b389d4d1d46c192f97342eeb6ee0b8483",
                "sha256:8d12251f02d69d8310b046e82572ed486685c38f02176bd08baf216746eb947f",
                "sha256:9c23f307202661071d94b5e384e1e1dc7dfb972a28a2310e4ee16103e66ddb67",
                "sha256:9d189550615b4948f45252d7f005e53c2040cea1af5b60d6f79491a6e147eef7",
                "sha256:a086c2af425c5f62a65e12fbf385f7c9fcb8f107d0849dba5839461a129cf311",
                "sha256:a2b56ba36e05f973d450582fb015594aaa78834fefe8dfb8fcd79b93e64ba4c6",
                "sha256:aebb6044806f2e16ecc07b2a2637ee1ef67a11840a66752751714a0d924adf72",
                "sha256:b1b3020d90c2d8e1dae29cf3ce54f8094f7938460fb5ce8bc5c01450b01fbaf6",
                "sha256:b4b6b1e20608493548b1f32bce8cca185bf0480983890403d3b8753e44077129",
                "sha256:b6f491cdf80ae540738859d9766783e3b3c8e5bd37f5dfa0b76abdecc5081f13",
                "sha256:b792a349405fbc0163190fde0dc7b3fef3c9268292586cf5645598b48e63dc67",
                "sha256:b7c2286c23cd350b80d2fc9d424fc797575fb16f854b831d16fd47ceec078f2c",
                "sha256:babf5acfede515f176833ed6028754cbcd0d206f7f614ea3447d67c33be12516",
                "sha256:c365fd1703040de1ec284b176d6af5abe21b427cb3a5ff68e0759e1e313a5e7e",
                "sha256:c4225f5220f46b2fde568c74fca27ae9771536c2e29d7c04f4fb62c83275ac4e",
                "sha256:c570f24be1e468e3f0ce7ef56a89a60f0e05b30a3669a459e419c6eac2c35364",
                "sha256:c6dafac9e0f2b3c78df97e79af707cdc5ef8e88208d686a4847bab8266870023",
                "sha256:c8de2789052ed501dd829e9cae8d3dcce7acb4777ea4a479c14521c942d395b1",
                "sha256:cb28c753fd5eb3dd859b4ee95de66cc62af91bcff5db5f2571d32a520baf1f04",
                "sha256:cb4c38abeef13c61d6916f264d4845fab99d7b711be96c326b84df9e3e0ff62d",
                "sha256:d1b35bcd6c5543b9cb547dee3150c93008f8dd0f1fef78fc0cd2b141c5baf58a",
                "sha256:d8e6aeb9201e655354b3ad049cb77d19813ad4ece0df1249d3c793de3774f8c7",
                "sha256:d8ecd059fdaf60c1963c58ceb8997b32e9dc1b911f5da5307aab614f1ce5c2fb",
                "sha256:da2b52b37dad6d9ec64e653637a096905b258d2fc2b984c41ae7d08b938a67e4",
                "sha256:e87f0b2c78157e12d7686b27d63c070fd65d994e8ddae6f328e0dcf4a0cd007e",
                "sha256:edca80cbfb2b68d7b56930b84a0e45ae1694aeba0541f798e908a49d66b837f1",
                "sha256:f379abd2f1e3dddb2b61bc67977a6b5a0a3f7485538bcc6f39ec76163891ee48",
                "sha256:fe4c15f6c9285dc54ce6553a3ce908ed37c8f3825b5a51a15c91442bb955b868"
            ],
            "markers": "python_version >= '3.8'",
            "version": "==10.2.0"
        },
        "pycryptodome": {
            "hashes": [
                "sha256:06d6de87c19f967f03b4cf9b34e538ef46e99a337e9a61a77dbe44b2cbcf0690",
                "sha256:09609209ed7de61c2b560cc5c8c4fbf892f8b15b1faf7e4cbffac97db1fffda7",
                "sha256:210ba1b647837bfc42dd5a813cdecb5b86193ae11a3f5d972b9a0ae2c7e9e4b4",
                "sha256:2a1250b7ea809f752b68e3e6f3fd946b5939a52eaeea18c73bdab53e9ba3c2dd",
                "sha256:2ab6ab0cb755154ad14e507d1df72de9897e99fd2d4922851a276ccc14f4f1a5",
                "sha256:3427d9e5310af6680678f4cce149f54e0bb4af60101c7f2c16fdf878b39ccccc",
                "sha256:3cd3ef3aee1079ae44afaeee13393cf68b1058f70576b11439483e34f93cf818",
                "sha256:405002eafad114a2f9a930f5db65feef7b53c4784495dd8758069b89baf68eab",
                "sha256:417a276aaa9cb3be91f9014e9d18d10e840a7a9b9a9be64a42f553c5b50b4d1d",
                "sha256:4401564ebf37dfde45d096974c7a159b52eeabd9969135f0426907db367a652a",
                "sha256:49a4c4dc60b78ec41d2afa392491d788c2e06edf48580fbfb0dd0f828af49d25",
                "sha256:5601c934c498cd267640b57569e73793cb9a83506f7c73a8ec57a516f5b0b091",
                "sha256:6e0e4a987d38cfc2e71b4a1b591bae4891eeabe5fa0f56154f576e26287bfdea",
                "sha256:76658f0d942051d12a9bd08ca1b6b34fd762a8ee4240984f7c06ddfb55eaf15a",
                "sha256:76cb39afede7055127e35a444c1c041d2e8d2f1f9c121ecef573757ba4cd2c3c",
                "sha256:8d6b98d0d83d21fb757a182d52940d028564efe8147baa9ce0f38d057104ae72",
                "sha256:9b3ae153c89a480a0ec402e23db8d8d84a3833b65fa4b15b81b83be9d637aab9",
                "sha256:a60fedd2b37b4cb11ccb5d0399efe26db9e0dd149016c1cc6c8161974ceac2d6",
                "sha256:ac1c7c0624a862f2e53438a15c9259d1655325fc2ec4392e66dc46cdae24d044",
                "sha256:acae12b9ede49f38eb0ef76fdec2df2e94aad85ae46ec85be3648a57f0a7db04",
                "sha256:acc2614e2e5346a4a4eab6e199203034924313626f9620b7b4b38e9ad74b7e0c",
                "sha256:acf6e43fa75aca2d33e93409f2dafe386fe051818ee79ee8a3e21de9caa2ac9e",
                "sha256:baee115a9ba6c5d2709a1e88ffe62b73ecc044852a925dcb67713a288c4ec70f",
                "sha256:c18b381553638414b38705f07d1ef0a7cf301bc78a5f9bc17a957eb19446834b",
                "sha256:d29daa681517f4bc318cd8a23af87e1f2a7bad2fe361e8aa29c77d652a065de4",
                "sha256:d5954acfe9e00bc83ed9f5cb082ed22c592fbbef86dc48b907238be64ead5c33",
                "sha256:ec0bb1188c1d13426039af8ffcb4dbe3aad1d7680c35a62d8eaf2a529b5d3d4f",
                "sha256:ec1f93feb3bb93380ab0ebf8b859e8e5678c0f010d2d78367cf6bc30bfeb148e",
                "sha256:f0e6d631bae3f231d3634f91ae4da7a960f7ff87f2865b2d2b831af1dfb04e9a",
                "sha256:f35d6cee81fa145333137009d9c8ba90951d7d77b67c79cbe5f03c7eb74d8fe2",
                "sha256:f47888542a0633baff535a04726948e876bf1ed880fddb7c10a736fa99146ab3",
                "sha256:fb3b87461fa35afa19c971b0a2b7456a7b1db7b4eba9a8424666104925b78128"
            ],
            "index": "pypi",
            "markers": "python_version >= '2.7' and python_version not in '3.0, 3.1, 3.2, 3.3, 3.4'",
            "version": "==3.20.0"
        },
        "pymongo": {
            "hashes": [
                "sha256:0407a985a052477127fbb94132508a3d14296ec026b1e6570695b99e88046dc0",
                "sha256:042cae6b624fef2514afedd6ad769ebe7dc043a5bc6abd23b563761efbdee1d1",
                "sha256:047355718484e35c72bb64781b36b6a88259597b6746da3f6d705fb1e689105b",
                "sha256:0631a6f2208d20adf78b0b3b92e4cfd18bd6ced0bcceebaf5e60905da3b3fb63",
                "sha256:0ca48d0f92523d894d7dfa1d4f197a60f7bb363d23108809a67df1a9a61ffc18",
                "sha256:0f8406991e2d4559e2949d4f6ff0b4b6c0015589921087e3406733c693ccc415",
                "sha256:117cd5416fe2b327f9ad717675d14ac60c41a4ef1e996b9b4bedbcea7d529711",
                "sha256:12c9c72e7e709592cf7a426b72560f7e93b21c2a7ae006c78f67b0589650b803",
                "sha256:13889d7e92404a176ceb62a27b41122bf88a47ce25d34e51e2561597f0d5b1fc",
                "sha256:16a1d13d4af356f97d0944d7a081686f4498f8a6641ef5f28e3c4731ecbeb723",
                "sha256:196bf22e2a659bd295eb3fea291cd0af889790d623cfe3fbbe73d61042101f1c",
                "sha256:1cc38077c2c6ed4bc5008b22d87e10d7485292f8f839ff5b43399bfc97b4c0b8",
                "sha256:1db1c610656436514e7809f9cb36050fc7a86cc6c3246d72c1e272108ebf0fc6",
                "sha256:1e2bfee898b430437b8db7a7ccc5b922db7268019a1b30eff51df16cd31c78aa",
                "sha256:1e5f7b8ca288cb9fec03be1e2ccb392272458bf4a25d2cdf821968caed4ff29a",
                "sha256:2a181ba186cf20cbadc19a7e1b31d28b4b8e8804e7f31ec826b6fdc896a5ccd6",
                "sha256:2aae55a1eb7ede1a409e7f5705db03d2c8ff15a11da7fc32db0e6de4c395cfba",
                "sha256:312217fe8a390980137b87b93d8bb44b83893c59839ada9bbaa493c15287fed6",
                "sha256:33e0800518d562936f8e9b0d76cb6614450ea157034245ab6a3a4afc45064a65",
                "sha256:3615d47a1e7f700df1f8772dddab1d2014b521d59026c782edce465ffecf9d40",
                "sha256:3873c8191efe2227ecd19e36bbe7dd5f9c3381524ea8ed6c3609e31054bfdb61",
                "sha256:387c435dc5575907f4a752d3c863d8beb1f57aa792d074c64f3c8c152a2120c2",
                "sha256:3c3b932989fa84b01c37fb5d2c958050a3502f8506fb5449e4a1600e55e30414",
                "sha256:3dd91e8c14057530a9445a4f905312603b1d5141d4eb2630c9b7b6e1405357f5",
                "sha256:3de57fbb829555cae99a90fbbb3abc22aadecf0c2b7939afebb4eb909c0d72f5",
                "sha256:409edd79362f93e39a7c8ee5ac174a0054012f7eb84cdd31185f22d25377f624",
                "sha256:40e970b7ceeef09ee96d31b35e294eef79ab3683c9211eb7854df9391cddb0c3",
                "sha256:42d4a5a4babb174d4e3106c90d98e8a457a9ade0af7f4f2a6fdb37282fec5dcc",
                "sha256:46e8beba730c11549007bb6ae2794dbd449ef8dea547bff594b683cdd05e5757",
                "sha256:471960f8c9f55e1518d0124d326b6952c69ed7ddd114f8bf200ed571d7486901",
                "sha256:477149f3df6fac400f368b850544a7dcc4c2fc5268adcc2dbb78144de1cbfac7",
                "sha256:47c674f40595b92bdffd6e2de127cec86e13418f05fcab51cc567430c3b2712f",
                "sha256:48b785a12d8c767ac63f3b1bd412fffb76c1daf6a89f712a3f68eb2845735163",
                "sha256:4b74430d01e03dc5fb530302d3ae86da4bdca1fa8f8fc6389bf167b44f882c34",
                "sha256:4d86b980bb5a9217c6d35da31f0a0c0e02064afb8d7423dc2a2ab68cc2aab6f7",
                "sha256:4dcacb05cc8f831e2137ff9fbbd1ac0e37964d0bb11f3b411945e55e42d794b2",
                "sha256:4e22e02923962c18718bf35bd9d76d5fedf42346f7f9522cd96754be3fba4ea4",
                "sha256:502557a0af2a9fbc062426fb585f5af0c27ed905601b698b14d868b6ec193639",
                "sha256:5337638862eb892582a1d199023cf7961168f8b4c2f3f5cd000114b4dee36de4",
                "sha256:53be412acb3d673a95f31a212ce2d5dd654dc763b81a1b28563d996812ad03af",
                "sha256:54423a3e15852cb5ae013c875132fabc87fef4c40ca956f97ee8eee2bb14576e",
                "sha256:54e9a0063a50c56ceb32c20a34c0cd403a502368c6d7fc79d928a479e7b18d1f",
                "sha256:55230225157c2c730cb76f6863b18954464e44a0b50e9619f7fa930c8658721c",
                "sha256:57015275e8c2d71c445aacfc6597692eef3c7aa43677d4fca0638190061f1360",
                "sha256:5b0832a1df13a103d0a54f8627decebd42c83218929bce8818202e8f3ac4acad",
                "sha256:6110d6ef86717928aa1179da81fc98633171c9c81afc348cb2745c11d2365b6e",
                "sha256:622090f65a74a53d99f1d04b66d5ec371fd5c69ee1e4cb1a91963a7915e48456",
                "sha256:64ea5e97fca1a37f83df9f3460bf63640bc0d725e12f3471e6acbf3a6040dd37",
                "sha256:6645aa9e5297e7bdd40d5f7e4821290e1011e0dff3829ba0737666ea16ac7654",
                "sha256:68965c7065c71f9a6202b677c0831a5e76f021ee195cb347475392b9b8e5008f",
                "sha256:6e061b6049f912dc64811031afdb8e7b7bc279b43893c877d29c092dd09345e5",
                "sha256:6f4a10454ca78467356c3b94dc7719bb31c01d9ea91aa7afed92f1e6aa6b77a1",
                "sha256:745bf27a7cd33ecf857430dee6f6f7b8ec13c9d61c1c599a76e61343f7a60417",
                "sha256:7592841a4dd74041d0875ae0420bf0af8bc170d65cd135a1c837069e9c1a52a5",
                "sha256:786b7d3ab9abc992e67eef358cf875c2334a8cfc02592c80062bd982742e4129",
                "sha256:7b5dd978a9ac399a1789f57818e8cf5187ee2a71886d7843ba33c29743b193be",
                "sha256:7bfb0512efaf066ad373d9dbd06af0478060b5f0a2528ab015d81426bab0dc38",
                "sha256:7c59c45644890150873665634466f8864d62a78979579758727897f9fa98570a",
                "sha256:8096336e567bd9e8a32a038f4efac5f2b3207d910f15832b01e6be8fb7faff26",
                "sha256:81c1eb7a2f19711023c82fdf9d1c5d94cd14e51af0b5d979d47d921a7719ac3e",
                "sha256:83c0cf43921b50126d66d02b708fc35a3e682eba77cb69bf66d5be1fadf8270a",
                "sha256:8570798dfd047dbee179f8567b431fcf03544f30748cb2a40c7fb638b3247f78",
                "sha256:86561901835a4294cf13616a828726c847a0c3ea57c4d8b2f3b85b0ebcd14737",
                "sha256:8966cb9f2b201dfbabdda17e1c1fe4d088f4b22fa4b74a2b19437babd0357b0d",
                "sha256:8b844acd05deff9d131f09211e18a2503d7e8beecf24923210afdf11c4299abb",
                "sha256:8c6a9b81ebac524e31fab03f2096362bb9dce34af2cecda008f16b5c921abf03",
                "sha256:8ffe1cee551d8ca5849c3ee98a08294687ab2339ac7a8e5bd4da4731b398b1e9",
                "sha256:92283813990ba873b1b1ed655985586fcb9f756b4998ca2fb216d2d0ffa6f3b1",
                "sha256:9542f748e1c2d0b014b62347e4a1fe13b7ee0103462d810ab84c6857be5fcb41",
                "sha256:9705ff2e2d97de98dd6ffa836305a8f29d343f81c2fa77b692e0fe14f30ea29c",
                "sha256:9cceec1120d86d81c5870294ebf1a611a1bc3da883322bad14aa9f30eb549bae",
                "sha256:9e731b263dca5293c6b16e9e7f1deec2039cc7ab31ed55fde632ac264b9a8c16",
                "sha256:9ed835835a4d14f675f2ecff584effd2f16e98be65340eb0b2b321296fc9d2f6",
                "sha256:9fd2e44011ff7cd4a72ce81e6950e608c00f96f9a7a24260311e3d590e6be361",
                "sha256:a6d4da81ace0fffdeef54a84ff9b9464b568e2ecde5808bed608198d575edbd3",
                "sha256:b15898447d967e6b3d3e09946bf4f93ee576cd12fc853bd6bf927e255717616a",
                "sha256:b87c10e72f01f0b2ca7cdb8be087fb858f8046e97f3fafac36629bf896b6436d",
                "sha256:b8e9cf0e10c1f547ac226bfa016b526e5cc3b2655911e5f957a9c804dd217371",
                "sha256:b948da6912f794ce15837c6b43f8fad1954e66a1fe84b81fbb8cf612d733bfdc",
                "sha256:c214bf8ff2a7dc75c2fcdf7a203f5e392fa1a823adcd0168e5b8e2aca8480c7a",
                "sha256:caa9d91a7b6d444659eb6d23bd0ee863f850193598577f9c242437edeac21039",
                "sha256:cbe82e361b8c4e0290c03ccdbd17163d197804467d6b29813495d09d6f36b4b3",
                "sha256:cccf25559fec7c492e48a89a788ab27652904958ede2aacca2249c2990aa3ff0",
                "sha256:cf30e08447cd879b381b8f60a9e88505a7aa107618504cbcd79eb4f0cab2b01e",
                "sha256:d2989e7de67f757ae271bee68104e6e51c5a34b0a34249f0a17914e13717579e",
                "sha256:d3ec5d3147b969d8092b6d129fa03de0a9538e243e07eb1f3b2d8e5f6e4edea0",
                "sha256:d6877b9dafcc1f87ebbd861b510392d8d2cc409e9716e56a35bbc8b3ae3a9002",
                "sha256:db647a5045db322de36eed0605056f3b010c24d896edabfc48fed2c37031ab1a",
                "sha256:dd30468648d8bf45a371dff0824908675bcf35d0015f23fe5cbb64031e0f1182",
                "sha256:df951114fad5ff0eefc2b3cd221eeeb0ed0b2be8b8c6309a0387bb8e1db7739a",
                "sha256:e039c7b2c185eddbd2ac4844f5d0ab802b2a1b77f3e426d0623d8f1cc140fd9e",
                "sha256:e41254b18271bf290a4bed31a289390889ec87fba7dd7d14afb6382293dad060",
                "sha256:e826c174bbd5426974defe4ce76065e48e52aa0933be37dee84f84b8d23609e8",
                "sha256:e9c6851832e25339eaa79c521ee54b81c20cd51ab3f18dab2ebd0500eaa17a79",
                "sha256:e9e78c737991a693e07175d47bf2845a61d360fbdf45ac1c62f4567836c3d871",
                "sha256:ede4710dee74a55df8caeda3ab93efe5999c2b37f84d27905d780487ff4ad99f",
                "sha256:eebe7b44d6481e09614e2726dd494a591af66063e360168264edb5ed22986303",
                "sha256:f1e42595ace57e863a4e935e316d02ec17f14aa54c171fc9f53f6e2def659bef",
                "sha256:f2479d5986ca3267b19249c3c63fc5c4dcc84024062f9f19338ed458f8bfcd91",
                "sha256:f3dd383c930aaee1bd3e467cff8628c156b8390fea99c2f9af658b9bbdf7b905",
                "sha256:f5c02f79825311f7c30ce59b0a01051504b5ba3eea4d3f0bf4c141b274a04f0d",
                "sha256:f6d43a27ac95144c67017aa7517b88ed5f022a2fb2b7f5986ad43ffad0064993",
                "sha256:f8fc6b060175eaf61637f6e4f2f2c89c9e99de6c58a389179afd21d65c9a497b",
                "sha256:f9cb5fff99c3ffe111dbc4509681b239272b0764e54537a3727d8b37fb9755de",
                "sha256:fb1d60798a7b3c67cc38ad9bbad9c2954490ab76373ad8c162ec31699ce18946",
                "sha256:fe22e7ed10241f22241a641434fb9ffef99c1d1f2c66a4d725f4b01bc26ca08d",
                "sha256:ff568200b3447a3d85c06212f225135f5fca3bb65f582fcac1a7a6aeeac6aa38"
            ],
            "index": "pypi",
            "markers": "python_version >= '3.7'",
            "version": "==3.12.2"
        },
        "python-slugify": {
            "hashes": [
                "sha256:c71189c161e8c671f1b141034d9a56308a8a5978cd13d40446c879569212fdd1",
                "sha256:e04cba5f1c562502a1175c84a8bc23890c54cdaf23fccaaf0bf78511508cabed"
            ],
            "markers": "python_version >= '3.7'",
            "version": "==8.0.3"
        },
        "pytz": {
            "hashes": [
                "sha256:2a29735ea9c18baf14b448846bde5a48030ed267578472d8955cd0e7443a9812",
                "sha256:328171f4e3623139da4983451950b28e95ac706e13f3f2630a879749e7a8b319"
            ],
            "version": "==2024.1"
        },
        "requests": {
            "hashes": [
                "sha256:58cd2187c01e70e6e26505bca751777aa9f2ee0b7f4300988b709f44e013003f",
                "sha256:942c5a758f98d790eaed1a29cb6eefc7ffb0d1cf7af05c3d2791656dbd6ad1e1"
            ],
            "markers": "python_version >= '3.7'",
            "version": "==2.31.0"
        },
        "simplejson": {
            "hashes": [
                "sha256:0405984f3ec1d3f8777c4adc33eac7ab7a3e629f3b1c05fdded63acc7cf01137",
                "sha256:0436a70d8eb42bea4fe1a1c32d371d9bb3b62c637969cb33970ad624d5a3336a",
                "sha256:061e81ea2d62671fa9dea2c2bfbc1eec2617ae7651e366c7b4a2baf0a8c72cae",
                "sha256:064300a4ea17d1cd9ea1706aa0590dcb3be81112aac30233823ee494f02cb78a",
                "sha256:08889f2f597ae965284d7b52a5c3928653a9406d88c93e3161180f0abc2433ba",
                "sha256:0a48679310e1dd5c9f03481799311a65d343748fe86850b7fb41df4e2c00c087",
                "sha256:0b0a3eb6dd39cce23801a50c01a0976971498da49bc8a0590ce311492b82c44b",
                "sha256:0d2d5119b1d7a1ed286b8af37357116072fc96700bce3bec5bb81b2e7057ab41",
                "sha256:0d551dc931638e2102b8549836a1632e6e7cf620af3d093a7456aa642bff601d",
                "sha256:1018bd0d70ce85f165185d2227c71e3b1e446186f9fa9f971b69eee223e1e3cd",
                "sha256:11c39fbc4280d7420684494373b7c5904fa72a2b48ef543a56c2d412999c9e5d",
                "sha256:11cc3afd8160d44582543838b7e4f9aa5e97865322844b75d51bf4e0e413bb3e",
                "sha256:1537b3dd62d8aae644f3518c407aa8469e3fd0f179cdf86c5992792713ed717a",
                "sha256:16ca9c90da4b1f50f089e14485db8c20cbfff2d55424062791a7392b5a9b3ff9",
                "sha256:176a1b524a3bd3314ed47029a86d02d5a95cc0bee15bd3063a1e1ec62b947de6",
                "sha256:18955c1da6fc39d957adfa346f75226246b6569e096ac9e40f67d102278c3bcb",
                "sha256:1bb5b50dc6dd671eb46a605a3e2eb98deb4a9af787a08fcdddabe5d824bb9664",
                "sha256:1c768e7584c45094dca4b334af361e43b0aaa4844c04945ac7d43379eeda9bc2",
                "sha256:1dd4f692304854352c3e396e9b5f0a9c9e666868dd0bdc784e2ac4c93092d87b",
                "sha256:25785d038281cd106c0d91a68b9930049b6464288cea59ba95b35ee37c2d23a5",
                "sha256:287e39ba24e141b046812c880f4619d0ca9e617235d74abc27267194fc0c7835",
                "sha256:2c1467d939932901a97ba4f979e8f2642415fcf02ea12f53a4e3206c9c03bc17",
                "sha256:2c433a412e96afb9a3ce36fa96c8e61a757af53e9c9192c97392f72871e18e69",
                "sha256:2d022b14d7758bfb98405672953fe5c202ea8a9ccf9f6713c5bd0718eba286fd",
                "sha256:2f98d918f7f3aaf4b91f2b08c0c92b1774aea113334f7cde4fe40e777114dbe6",
                "sha256:2fc697be37585eded0c8581c4788fcfac0e3f84ca635b73a5bf360e28c8ea1a2",
                "sha256:3194cd0d2c959062b94094c0a9f8780ffd38417a5322450a0db0ca1a23e7fbd2",
                "sha256:332c848f02d71a649272b3f1feccacb7e4f7e6de4a2e6dc70a32645326f3d428",
                "sha256:346820ae96aa90c7d52653539a57766f10f33dd4be609206c001432b59ddf89f",
                "sha256:3471e95110dcaf901db16063b2e40fb394f8a9e99b3fe9ee3acc6f6ef72183a2",
                "sha256:3848427b65e31bea2c11f521b6fc7a3145d6e501a1038529da2391aff5970f2f",
                "sha256:39b6d79f5cbfa3eb63a869639cfacf7c41d753c64f7801efc72692c1b2637ac7",
                "sha256:3e74355cb47e0cd399ead3477e29e2f50e1540952c22fb3504dda0184fc9819f",
                "sha256:3f39bb1f6e620f3e158c8b2eaf1b3e3e54408baca96a02fe891794705e788637",
                "sha256:40847f617287a38623507d08cbcb75d51cf9d4f9551dd6321df40215128325a3",
                "sha256:4280e460e51f86ad76dc456acdbfa9513bdf329556ffc8c49e0200878ca57816",
                "sha256:445a96543948c011a3a47c8e0f9d61e9785df2544ea5be5ab3bc2be4bd8a2565",
                "sha256:4969d974d9db826a2c07671273e6b27bc48e940738d768fa8f33b577f0978378",
                "sha256:49aaf4546f6023c44d7e7136be84a03a4237f0b2b5fb2b17c3e3770a758fc1a0",
                "sha256:49e0e3faf3070abdf71a5c80a97c1afc059b4f45a5aa62de0c2ca0444b51669b",
                "sha256:49f9da0d6cd17b600a178439d7d2d57c5ef01f816b1e0e875e8e8b3b42db2693",
                "sha256:4a8c3cc4f9dfc33220246760358c8265dad6e1104f25f0077bbca692d616d358",
                "sha256:4d36081c0b1c12ea0ed62c202046dca11438bee48dd5240b7c8de8da62c620e9",
                "sha256:4edcd0bf70087b244ba77038db23cd98a1ace2f91b4a3ecef22036314d77ac23",
                "sha256:554313db34d63eac3b3f42986aa9efddd1a481169c12b7be1e7512edebff8eaf",
                "sha256:5675e9d8eeef0aa06093c1ff898413ade042d73dc920a03e8cea2fb68f62445a",
                "sha256:60848ab779195b72382841fc3fa4f71698a98d9589b0a081a9399904487b5832",
                "sha256:66e5dc13bfb17cd6ee764fc96ccafd6e405daa846a42baab81f4c60e15650414",
                "sha256:6779105d2fcb7fcf794a6a2a233787f6bbd4731227333a072d8513b252ed374f",
                "sha256:6ad331349b0b9ca6da86064a3599c425c7a21cd41616e175ddba0866da32df48",
                "sha256:6f0a0b41dd05eefab547576bed0cf066595f3b20b083956b1405a6f17d1be6ad",
                "sha256:73a8a4653f2e809049999d63530180d7b5a344b23a793502413ad1ecea9a0290",
                "sha256:778331444917108fa8441f59af45886270d33ce8a23bfc4f9b192c0b2ecef1b3",
                "sha256:7cb98be113911cb0ad09e5523d0e2a926c09a465c9abb0784c9269efe4f95917",
                "sha256:7d74beca677623481810c7052926365d5f07393c72cbf62d6cce29991b676402",
                "sha256:7f2398361508c560d0bf1773af19e9fe644e218f2a814a02210ac2c97ad70db0",
                "sha256:8434dcdd347459f9fd9c526117c01fe7ca7b016b6008dddc3c13471098f4f0dc",
                "sha256:8a390e56a7963e3946ff2049ee1eb218380e87c8a0e7608f7f8790ba19390867",
                "sha256:92c4a4a2b1f4846cd4364855cbac83efc48ff5a7d7c06ba014c792dd96483f6f",
                "sha256:9300aee2a8b5992d0f4293d88deb59c218989833e3396c824b69ba330d04a589",
                "sha256:9453419ea2ab9b21d925d0fd7e3a132a178a191881fab4169b6f96e118cc25bb",
                "sha256:9652e59c022e62a5b58a6f9948b104e5bb96d3b06940c6482588176f40f4914b",
                "sha256:972a7833d4a1fcf7a711c939e315721a88b988553fc770a5b6a5a64bd6ebeba3",
                "sha256:9c1a4393242e321e344213a90a1e3bf35d2f624aa8b8f6174d43e3c6b0e8f6eb",
                "sha256:9e038c615b3906df4c3be8db16b3e24821d26c55177638ea47b3f8f73615111c",
                "sha256:9e4c166f743bb42c5fcc60760fb1c3623e8fda94f6619534217b083e08644b46",
                "sha256:9eb117db8d7ed733a7317c4215c35993b815bf6aeab67523f1f11e108c040672",
                "sha256:9eb442a2442ce417801c912df68e1f6ccfcd41577ae7274953ab3ad24ef7d82c",
                "sha256:a3cd18e03b0ee54ea4319cdcce48357719ea487b53f92a469ba8ca8e39df285e",
                "sha256:a8617625369d2d03766413bff9e64310feafc9fc4f0ad2b902136f1a5cd8c6b0",
                "sha256:a970a2e6d5281d56cacf3dc82081c95c1f4da5a559e52469287457811db6a79b",
                "sha256:aad7405c033d32c751d98d3a65801e2797ae77fac284a539f6c3a3e13005edc4",
                "sha256:adcb3332979cbc941b8fff07181f06d2b608625edc0a4d8bc3ffc0be414ad0c4",
                "sha256:af9c7e6669c4d0ad7362f79cb2ab6784d71147503e62b57e3d95c4a0f222c01c",
                "sha256:b01fda3e95d07a6148702a641e5e293b6da7863f8bc9b967f62db9461330562c",
                "sha256:b8d940fd28eb34a7084877747a60873956893e377f15a32ad445fe66c972c3b8",
                "sha256:bccb3e88ec26ffa90f72229f983d3a5d1155e41a1171190fa723d4135523585b",
                "sha256:bcedf4cae0d47839fee7de344f96b5694ca53c786f28b5f773d4f0b265a159eb",
                "sha256:be893258d5b68dd3a8cba8deb35dc6411db844a9d35268a8d3793b9d9a256f80",
                "sha256:c0521e0f07cb56415fdb3aae0bbd8701eb31a9dfef47bb57206075a0584ab2a2",
                "sha256:c594642d6b13d225e10df5c16ee15b3398e21a35ecd6aee824f107a625690374",
                "sha256:c87c22bd6a987aca976e3d3e23806d17f65426191db36d40da4ae16a6a494cbc",
                "sha256:c9ac1c2678abf9270e7228133e5b77c6c3c930ad33a3c1dfbdd76ff2c33b7b50",
                "sha256:d0e5ffc763678d48ecc8da836f2ae2dd1b6eb2d27a48671066f91694e575173c",
                "sha256:d0f402e787e6e7ee7876c8b05e2fe6464820d9f35ba3f172e95b5f8b699f6c7f",
                "sha256:d222a9ed082cd9f38b58923775152003765016342a12f08f8c123bf893461f28",
                "sha256:d94245caa3c61f760c4ce4953cfa76e7739b6f2cbfc94cc46fff6c050c2390c5",
                "sha256:de9a2792612ec6def556d1dc621fd6b2073aff015d64fba9f3e53349ad292734",
                "sha256:e2f5a398b5e77bb01b23d92872255e1bcb3c0c719a3be40b8df146570fe7781a",
                "sha256:e8dd53a8706b15bc0e34f00e6150fbefb35d2fd9235d095b4f83b3c5ed4fa11d",
                "sha256:e9eb3cff1b7d71aa50c89a0536f469cb8d6dcdd585d8f14fb8500d822f3bdee4",
                "sha256:ed628c1431100b0b65387419551e822987396bee3c088a15d68446d92f554e0c",
                "sha256:ef7938a78447174e2616be223f496ddccdbf7854f7bf2ce716dbccd958cc7d13",
                "sha256:f1c70249b15e4ce1a7d5340c97670a95f305ca79f376887759b43bb33288c973",
                "sha256:f3c7363a8cb8c5238878ec96c5eb0fc5ca2cb11fc0c7d2379863d342c6ee367a",
                "sha256:fbbcc6b0639aa09b9649f36f1bcb347b19403fe44109948392fbb5ea69e48c3e",
                "sha256:febffa5b1eda6622d44b245b0685aff6fb555ce0ed734e2d7b1c3acd018a2cff",
                "sha256:ff836cd4041e16003549449cc0a5e372f6b6f871eb89007ab0ee18fb2800fded"
            ],
            "markers": "python_version >= '2.5' and python_version not in '3.0, 3.1, 3.2, 3.3'",
            "version": "==3.19.2"
        },
        "sqlparse": {
            "hashes": [
                "sha256:ce028444cfab83be538752a2ffdb56bc417b7784ff35bb9a3062413717807dec",
                "sha256:d9cf190f51cbb26da0412247dfe4fb5f4098edb73db84e02f9fc21fdca31fed4"
            ],
            "markers": "python_version >= '3.5'",
            "version": "==0.2.4"
        },
        "text-unidecode": {
            "hashes": [
                "sha256:1311f10e8b895935241623731c2ba64f4c455287888b18189350b67134a822e8",
                "sha256:bad6603bb14d279193107714b288be206cac565dfa49aa5b105294dd5c4aab93"
            ],
            "version": "==1.3"
        },
        "uritemplate": {
            "hashes": [
                "sha256:4346edfc5c3b79f694bccd6d6099a322bbeb628dbf2cd86eea55a456ce5124f0",
                "sha256:830c08b8d99bdd312ea4ead05994a38e8936266f84b9a7878232db50b044e02e"
            ],
            "markers": "python_version >= '3.6'",
            "version": "==4.1.1"
        },
        "urllib3": {
            "hashes": [
                "sha256:051d961ad0c62a94e50ecf1af379c3aba230c66c710493493560c0c223c49f20",
                "sha256:ce3711610ddce217e6d113a2732fafad960a03fd0318c91faa79481e35c11224"
            ],
            "markers": "python_version >= '3.8'",
            "version": "==2.2.0"
        }
    },
    "develop": {}
}
